
Microsoft Visual Studio Solution File, Format Version 12.00
# Visual Studio 14
VisualStudioVersion = 14.0.25420.1
MinimumVisualStudioVersion = 10.0.40219.1
Project("{FAE04EC0-301F-11D3-BF4B-00C04F79EFBC}") = "DFF", "DFF\DFF.csproj", "{0E0563FD-0DF0-423E-B11E-E83B46373817}"
EndProject
Project("{00D1A9C2-B5F0-4AF3-8072-F6C62B433612}") = "DatabaseDFF", "DatabaseDFF\DatabaseDFF.sqlproj", "{77D68BBC-21BF-4B0E-8CCA-25DEEC0D986B}"
EndProject
Global
	GlobalSection(SolutionConfigurationPlatforms) = preSolution
		Debug|Any CPU = Debug|Any CPU
		Release|Any CPU = Release|Any CPU
	EndGlobalSection
	GlobalSection(ProjectConfigurationPlatforms) = postSolution
		{0E0563FD-0DF0-423E-B11E-E83B46373817}.Debug|Any CPU.ActiveCfg = Debug|Any CPU
		{0E0563FD-0DF0-423E-B11E-E83B46373817}.Debug|Any CPU.Build.0 = Debug|Any CPU
		{0E0563FD-0DF0-423E-B11E-E83B46373817}.Release|Any CPU.ActiveCfg = Release|Any CPU
		{0E0563FD-0DF0-423E-B11E-E83B46373817}.Release|Any CPU.Build.0 = Release|Any CPU
		{77D68BBC-21BF-4B0E-8CCA-25DEEC0D986B}.Debug|Any CPU.ActiveCfg = Debug|Any CPU
		{77D68BBC-21BF-4B0E-8CCA-25DEEC0D986B}.Debug|Any CPU.Build.0 = Debug|Any CPU
		{77D68BBC-21BF-4B0E-8CCA-25DEEC0D986B}.Debug|Any CPU.Deploy.0 = Debug|Any CPU
		{77D68BBC-21BF-4B0E-8CCA-25DEEC0D986B}.Release|Any CPU.ActiveCfg = Release|Any CPU
		{77D68BBC-21BF-4B0E-8CCA-25DEEC0D986B}.Release|Any CPU.Build.0 = Release|Any CPU
		{77D68BBC-21BF-4B0E-8CCA-25DEEC0D986B}.Release|Any CPU.Deploy.0 = Release|Any CPU
	EndGlobalSection
	GlobalSection(SolutionProperties) = preSolution
		HideSolutionNode = FALSE
	EndGlobalSection
EndGlobal
